
Microsoft Visual Studio Solution File, Format Version 12.00
# Visual Studio 15
VisualStudioVersion = 15.0.28307.539
MinimumVisualStudioVersion = 10.0.40219.1
Project("{FAE04EC0-301F-11D3-BF4B-00C04F79EFBC}") = "kt-31", "kt-31\kt-31.csproj", "{FB53BA89-0019-45F8-A4C3-ADF3B7CBE5F1}"
EndProject
Global
	GlobalSection(SolutionConfigurationPlatforms) = preSolution
		Debug|Any CPU = Debug|Any CPU
		Release|Any CPU = Release|Any CPU
	EndGlobalSection
	GlobalSection(ProjectConfigurationPlatforms) = postSolution
		{FB53BA89-0019-45F8-A4C3-ADF3B7CBE5F1}.Debug|Any CPU.ActiveCfg = Debug|Any CPU
		{FB53BA89-0019-45F8-A4C3-ADF3B7CBE5F1}.Debug|Any CPU.Build.0 = Debug|Any CPU
		{FB53BA89-0019-45F8-A4C3-ADF3B7CBE5F1}.Release|Any CPU.ActiveCfg = Release|Any CPU
		{FB53BA89-0019-45F8-A4C3-ADF3B7CBE5F1}.Release|Any CPU.Build.0 = Release|Any CPU
	EndGlobalSection
	GlobalSection(SolutionProperties) = preSolution
		HideSolutionNode = FALSE
	EndGlobalSection
	GlobalSection(ExtensibilityGlobals) = postSolution
		SolutionGuid = {BAEEEAED-1F0E-4F1F-B7F0-AB35B43F8BBA}
	EndGlobalSection
EndGlobal
